
Microsoft Visual Studio Solution File, Format Version 12.00
# Visual Studio Version 17
VisualStudioVersion = 17.3.32819.101
MinimumVisualStudioVersion = 10.0.40219.1
Project("{FAE04EC0-301F-11D3-BF4B-00C04F79EFBC}") = "Single_Responsibility", "Single_Responsibility\Single_Responsibility.csproj", "{A52F8874-FAF0-4382-9AB8-8A59AB89B7F3}"
EndProject
Global
	GlobalSection(SolutionConfigurationPlatforms) = preSolution
		Debug|Any CPU = Debug|Any CPU
		Release|Any CPU = Release|Any CPU
	EndGlobalSection
	GlobalSection(ProjectConfigurationPlatforms) = postSolution
		{A52F8874-FAF0-4382-9AB8-8A59AB89B7F3}.Debug|Any CPU.ActiveCfg = Debug|Any CPU
		{A52F8874-FAF0-4382-9AB8-8A59AB89B7F3}.Debug|Any CPU.Build.0 = Debug|Any CPU
		{A52F8874-FAF0-4382-9AB8-8A59AB89B7F3}.Release|Any CPU.ActiveCfg = Release|Any CPU
		{A52F8874-FAF0-4382-9AB8-8A59AB89B7F3}.Release|Any CPU.Build.0 = Release|Any CPU
	EndGlobalSection
	GlobalSection(SolutionProperties) = preSolution
		HideSolutionNode = FALSE
	EndGlobalSection
	GlobalSection(ExtensibilityGlobals) = postSolution
		SolutionGuid = {D95B6ABE-21BF-4FA4-B35D-819F3FF88C71}
	EndGlobalSection
EndGlobal
